
Microsoft Visual Studio Solution File, Format Version 12.00
# Visual Studio Version 17
VisualStudioVersion = 17.5.002.0
MinimumVisualStudioVersion = 10.0.40219.1
Project("{9A19103F-16F7-4668-BE54-9A1E7A4F7556}") = "Vacation", "Vacation.csproj", "{36378302-23FC-4F48-8404-9EA77DFF9D30}"
EndProject
Global
	GlobalSection(SolutionConfigurationPlatforms) = preSolution
		Debug|Any CPU = Debug|Any CPU
		Release|Any CPU = Release|Any CPU
	EndGlobalSection
	GlobalSection(ProjectConfigurationPlatforms) = postSolution
		{36378302-23FC-4F48-8404-9EA77DFF9D30}.Debug|Any CPU.ActiveCfg = Debug|Any CPU
		{36378302-23FC-4F48-8404-9EA77DFF9D30}.Debug|Any CPU.Build.0 = Debug|Any CPU
		{36378302-23FC-4F48-8404-9EA77DFF9D30}.Release|Any CPU.ActiveCfg = Release|Any CPU
		{36378302-23FC-4F48-8404-9EA77DFF9D30}.Release|Any CPU.Build.0 = Release|Any CPU
	EndGlobalSection
	GlobalSection(SolutionProperties) = preSolution
		HideSolutionNode = FALSE
	EndGlobalSection
	GlobalSection(ExtensibilityGlobals) = postSolution
		SolutionGuid = {5C236934-C4AE-447E-B482-CDDCB8A381C4}
	EndGlobalSection
EndGlobal
